
Microsoft Visual Studio Solution File, Format Version 12.00
# Visual Studio Version 17
VisualStudioVersion = 17.0.31903.59
MinimumVisualStudioVersion = 10.0.40219.1
Project("{2150E333-8FDC-42A3-9474-1A3956D46DE8}") = "Solution Items", "Solution Items", "{673A2111-0358-43BE-B0FC-49653D055F77}"
	ProjectSection(SolutionItems) = preProject
		.gitignore = .gitignore
		LICENSE = LICENSE
		README.md = README.md
		compose.yaml = compose.yaml
	EndProjectSection
EndProject
Project("{2150E333-8FDC-42A3-9474-1A3956D46DE8}") = "experiment", "experiment", "{E1BC55E8-DDBB-4879-AB7C-2D30B666A68F}"
EndProject
Project("{FAE04EC0-301F-11D3-BF4B-00C04F79EFBC}") = "contracts", "contracts\contracts.csproj", "{6EB03956-B9F6-4E76-8A36-84085B91C938}"
EndProject
Project("{FAE04EC0-301F-11D3-BF4B-00C04F79EFBC}") = "main-api", "main-api\main-api.csproj", "{F8CD0E83-EBE3-4E04-B665-3B4436028889}"
EndProject
Project("{FAE04EC0-301F-11D3-BF4B-00C04F79EFBC}") = "worker1", "worker1\worker1.csproj", "{BCD91BE7-E3B5-4169-AF09-B7E509A2E187}"
EndProject
Project("{FAE04EC0-301F-11D3-BF4B-00C04F79EFBC}") = "worker2", "worker2\worker2.csproj", "{5DC42B32-BFC8-458D-BA15-5CD83EE65B31}"
EndProject
Project("{FAE04EC0-301F-11D3-BF4B-00C04F79EFBC}") = "orchestrator", "orchestrator\orchestrator.csproj", "{5C36EEBE-EF01-4D67-8CB1-6CCB3775F18F}"
EndProject
Project("{2150E333-8FDC-42A3-9474-1A3956D46DE8}") = "QueuesPOC", "QueuesPOC", "{763ADC66-20DA-4D55-9FE9-CF96ABB0D7E1}"
EndProject
Project("{FAE04EC0-301F-11D3-BF4B-00C04F79EFBC}") = "QueuesPOC", "QueuesPOC\QueuesPOC.csproj", "{A5755172-1338-484A-AB48-2D4E1A93FECA}"
EndProject
Project("{2150E333-8FDC-42A3-9474-1A3956D46DE8}") = "TestB-CustomRouting", "TestB-CustomRouting", "{3DAE38A6-B5E2-4469-8680-C5AF5B569680}"
EndProject
Project("{FAE04EC0-301F-11D3-BF4B-00C04F79EFBC}") = "TestB.Contracts", "TestB.Contracts\TestB.Contracts.csproj", "{E7BFAE86-9AD5-4D92-8146-F4C348C8B309}"
EndProject
Project("{FAE04EC0-301F-11D3-BF4B-00C04F79EFBC}") = "TestB.Workers", "TestB.Workers\TestB.Workers.csproj", "{82337A87-52AA-4569-9A16-76177B41721A}"
EndProject
Project("{FAE04EC0-301F-11D3-BF4B-00C04F79EFBC}") = "TestB.Api", "TestB.Api\TestB.Api.csproj", "{F1727E7E-E0A1-4DA0-B5F8-78FFDAE51C19}"
EndProject
Global
	GlobalSection(SolutionConfigurationPlatforms) = preSolution
		Debug|Any CPU = Debug|Any CPU
		Release|Any CPU = Release|Any CPU
	EndGlobalSection
	GlobalSection(SolutionProperties) = preSolution
		HideSolutionNode = FALSE
	EndGlobalSection
	GlobalSection(ProjectConfigurationPlatforms) = postSolution
		{6EB03956-B9F6-4E76-8A36-84085B91C938}.Debug|Any CPU.ActiveCfg = Debug|Any CPU
		{6EB03956-B9F6-4E76-8A36-84085B91C938}.Debug|Any CPU.Build.0 = Debug|Any CPU
		{6EB03956-B9F6-4E76-8A36-84085B91C938}.Release|Any CPU.ActiveCfg = Release|Any CPU
		{6EB03956-B9F6-4E76-8A36-84085B91C938}.Release|Any CPU.Build.0 = Release|Any CPU
		{F8CD0E83-EBE3-4E04-B665-3B4436028889}.Debug|Any CPU.ActiveCfg = Debug|Any CPU
		{F8CD0E83-EBE3-4E04-B665-3B4436028889}.Debug|Any CPU.Build.0 = Debug|Any CPU
		{F8CD0E83-EBE3-4E04-B665-3B4436028889}.Release|Any CPU.ActiveCfg = Release|Any CPU
		{F8CD0E83-EBE3-4E04-B665-3B4436028889}.Release|Any CPU.Build.0 = Release|Any CPU
		{BCD91BE7-E3B5-4169-AF09-B7E509A2E187}.Debug|Any CPU.ActiveCfg = Debug|Any CPU
		{BCD91BE7-E3B5-4169-AF09-B7E509A2E187}.Debug|Any CPU.Build.0 = Debug|Any CPU
		{BCD91BE7-E3B5-4169-AF09-B7E509A2E187}.Release|Any CPU.ActiveCfg = Release|Any CPU
		{BCD91BE7-E3B5-4169-AF09-B7E509A2E187}.Release|Any CPU.Build.0 = Release|Any CPU
		{5DC42B32-BFC8-458D-BA15-5CD83EE65B31}.Debug|Any CPU.ActiveCfg = Debug|Any CPU
		{5DC42B32-BFC8-458D-BA15-5CD83EE65B31}.Debug|Any CPU.Build.0 = Debug|Any CPU
		{5DC42B32-BFC8-458D-BA15-5CD83EE65B31}.Release|Any CPU.ActiveCfg = Release|Any CPU
		{5DC42B32-BFC8-458D-BA15-5CD83EE65B31}.Release|Any CPU.Build.0 = Release|Any CPU
		{5C36EEBE-EF01-4D67-8CB1-6CCB3775F18F}.Debug|Any CPU.ActiveCfg = Debug|Any CPU
		{5C36EEBE-EF01-4D67-8CB1-6CCB3775F18F}.Debug|Any CPU.Build.0 = Debug|Any CPU
		{5C36EEBE-EF01-4D67-8CB1-6CCB3775F18F}.Release|Any CPU.ActiveCfg = Release|Any CPU
		{5C36EEBE-EF01-4D67-8CB1-6CCB3775F18F}.Release|Any CPU.Build.0 = Release|Any CPU
		{A5755172-1338-484A-AB48-2D4E1A93FECA}.Debug|Any CPU.ActiveCfg = Debug|Any CPU
		{A5755172-1338-484A-AB48-2D4E1A93FECA}.Debug|Any CPU.Build.0 = Debug|Any CPU
		{A5755172-1338-484A-AB48-2D4E1A93FECA}.Release|Any CPU.ActiveCfg = Release|Any CPU
		{A5755172-1338-484A-AB48-2D4E1A93FECA}.Release|Any CPU.Build.0 = Release|Any CPU
		{E7BFAE86-9AD5-4D92-8146-F4C348C8B309}.Debug|Any CPU.ActiveCfg = Debug|Any CPU
		{E7BFAE86-9AD5-4D92-8146-F4C348C8B309}.Debug|Any CPU.Build.0 = Debug|Any CPU
		{E7BFAE86-9AD5-4D92-8146-F4C348C8B309}.Release|Any CPU.ActiveCfg = Release|Any CPU
		{E7BFAE86-9AD5-4D92-8146-F4C348C8B309}.Release|Any CPU.Build.0 = Release|Any CPU
		{82337A87-52AA-4569-9A16-76177B41721A}.Debug|Any CPU.ActiveCfg = Debug|Any CPU
		{82337A87-52AA-4569-9A16-76177B41721A}.Debug|Any CPU.Build.0 = Debug|Any CPU
		{82337A87-52AA-4569-9A16-76177B41721A}.Release|Any CPU.ActiveCfg = Release|Any CPU
		{82337A87-52AA-4569-9A16-76177B41721A}.Release|Any CPU.Build.0 = Release|Any CPU
		{F1727E7E-E0A1-4DA0-B5F8-78FFDAE51C19}.Debug|Any CPU.ActiveCfg = Debug|Any CPU
		{F1727E7E-E0A1-4DA0-B5F8-78FFDAE51C19}.Debug|Any CPU.Build.0 = Debug|Any CPU
		{F1727E7E-E0A1-4DA0-B5F8-78FFDAE51C19}.Release|Any CPU.ActiveCfg = Release|Any CPU
		{F1727E7E-E0A1-4DA0-B5F8-78FFDAE51C19}.Release|Any CPU.Build.0 = Release|Any CPU
	EndGlobalSection
	GlobalSection(NestedProjects) = preSolution
		{6EB03956-B9F6-4E76-8A36-84085B91C938} = {E1BC55E8-DDBB-4879-AB7C-2D30B666A68F}
		{F8CD0E83-EBE3-4E04-B665-3B4436028889} = {E1BC55E8-DDBB-4879-AB7C-2D30B666A68F}
		{BCD91BE7-E3B5-4169-AF09-B7E509A2E187} = {E1BC55E8-DDBB-4879-AB7C-2D30B666A68F}
		{5DC42B32-BFC8-458D-BA15-5CD83EE65B31} = {E1BC55E8-DDBB-4879-AB7C-2D30B666A68F}
		{5C36EEBE-EF01-4D67-8CB1-6CCB3775F18F} = {E1BC55E8-DDBB-4879-AB7C-2D30B666A68F}
		{A5755172-1338-484A-AB48-2D4E1A93FECA} = {763ADC66-20DA-4D55-9FE9-CF96ABB0D7E1}
		{E7BFAE86-9AD5-4D92-8146-F4C348C8B309} = {3DAE38A6-B5E2-4469-8680-C5AF5B569680}
		{82337A87-52AA-4569-9A16-76177B41721A} = {3DAE38A6-B5E2-4469-8680-C5AF5B569680}
		{F1727E7E-E0A1-4DA0-B5F8-78FFDAE51C19} = {3DAE38A6-B5E2-4469-8680-C5AF5B569680}
	EndGlobalSection
EndGlobal
