
Microsoft Visual Studio Solution File, Format Version 12.00
# Visual Studio Version 17
VisualStudioVersion = 17.0.31903.59
MinimumVisualStudioVersion = 10.0.40219.1
Project("{FAE04EC0-301F-11D3-BF4B-00C04F79EFBC}") = "CoffeeCup.Api", "CoffeeCup.Api\CoffeeCup.Api.csproj", "{542063E9-575E-430F-8A75-F8D7C363A927}"
EndProject
Project("{FAE04EC0-301F-11D3-BF4B-00C04F79EFBC}") = "CoffeeCup.Contracts", "CoffeeCup.Contracts\CoffeeCup.Contracts.csproj", "{4A948F45-EC2B-425F-B39C-39AF58A00F03}"
EndProject
Project("{2150E333-8FDC-42A3-9474-1A3956D46DE8}") = "Solution Items", "Solution Items", "{673A2111-0358-43BE-B0FC-49653D055F77}"
	ProjectSection(SolutionItems) = preProject
		.gitignore = .gitignore
		LICENSE = LICENSE
		README.md = README.md
		compose.yaml = compose.yaml
	EndProjectSection
EndProject
Project("{FAE04EC0-301F-11D3-BF4B-00C04F79EFBC}") = "CoffeeCup.Storage", "CoffeeCup.Storage\CoffeeCup.Storage.csproj", "{DE224A1B-0CCC-4602-A64C-4DBFE28AE82C}"
EndProject
Global
	GlobalSection(SolutionConfigurationPlatforms) = preSolution
		Debug|Any CPU = Debug|Any CPU
		Release|Any CPU = Release|Any CPU
	EndGlobalSection
	GlobalSection(SolutionProperties) = preSolution
		HideSolutionNode = FALSE
	EndGlobalSection
	GlobalSection(ProjectConfigurationPlatforms) = postSolution
		{542063E9-575E-430F-8A75-F8D7C363A927}.Debug|Any CPU.ActiveCfg = Debug|Any CPU
		{542063E9-575E-430F-8A75-F8D7C363A927}.Debug|Any CPU.Build.0 = Debug|Any CPU
		{542063E9-575E-430F-8A75-F8D7C363A927}.Release|Any CPU.ActiveCfg = Release|Any CPU
		{542063E9-575E-430F-8A75-F8D7C363A927}.Release|Any CPU.Build.0 = Release|Any CPU
		{4A948F45-EC2B-425F-B39C-39AF58A00F03}.Debug|Any CPU.ActiveCfg = Debug|Any CPU
		{4A948F45-EC2B-425F-B39C-39AF58A00F03}.Debug|Any CPU.Build.0 = Debug|Any CPU
		{4A948F45-EC2B-425F-B39C-39AF58A00F03}.Release|Any CPU.ActiveCfg = Release|Any CPU
		{4A948F45-EC2B-425F-B39C-39AF58A00F03}.Release|Any CPU.Build.0 = Release|Any CPU
		{DE224A1B-0CCC-4602-A64C-4DBFE28AE82C}.Debug|Any CPU.ActiveCfg = Debug|Any CPU
		{DE224A1B-0CCC-4602-A64C-4DBFE28AE82C}.Debug|Any CPU.Build.0 = Debug|Any CPU
		{DE224A1B-0CCC-4602-A64C-4DBFE28AE82C}.Release|Any CPU.ActiveCfg = Release|Any CPU
		{DE224A1B-0CCC-4602-A64C-4DBFE28AE82C}.Release|Any CPU.Build.0 = Release|Any CPU
	EndGlobalSection
EndGlobal
